// !$*UTF8*$!
{
	archiveVersion = 1;
	classes = {
	};
	objectVersion = 56;
	objects = {

/* Begin PBXBuildFile section */
		9B4C8CC42C43DAD3003AFD26 /* MyCyprusAppApp.swift in Sources */ = {isa = PBXBuildFile; fileRef = 9B4C8CC32C43DAD3003AFD26 /* MyCyprusAppApp.swift */; };
		9B4C8CC62C43DAD3003AFD26 /* RestaurantsView.swift in Sources */ = {isa = PBXBuildFile; fileRef = 9B4C8CC52C43DAD3003AFD26 /* RestaurantsView.swift */; };
		9B4C8CC82C43DAD5003AFD26 /* Assets.xcassets in Resources */ = {isa = PBXBuildFile; fileRef = 9B4C8CC72C43DAD5003AFD26 /* Assets.xcassets */; };
		9B4C8CCB2C43DAD5003AFD26 /* Preview Assets.xcassets in Resources */ = {isa = PBXBuildFile; fileRef = 9B4C8CCA2C43DAD5003AFD26 /* Preview Assets.xcassets */; };
		9B4C8CD82C43DF30003AFD26 /* RestaurantsViewModel.swift in Sources */ = {isa = PBXBuildFile; fileRef = 9B4C8CD72C43DF30003AFD26 /* RestaurantsViewModel.swift */; };
		9B4C8CDC2C43E08A003AFD26 /* Restaurant.swift in Sources */ = {isa = PBXBuildFile; fileRef = 9B4C8CDB2C43E08A003AFD26 /* Restaurant.swift */; };
		9B4C8CDE2C43E34A003AFD26 /* RestaurantDetailInfo.swift in Sources */ = {isa = PBXBuildFile; fileRef = 9B4C8CDD2C43E34A003AFD26 /* RestaurantDetailInfo.swift */; };
		9B4C8CE02C43E625003AFD26 /* Api.swift in Sources */ = {isa = PBXBuildFile; fileRef = 9B4C8CDF2C43E625003AFD26 /* Api.swift */; };
		9B4C8CE32C43E6A2003AFD26 /* RestaurantApiPath.swift in Sources */ = {isa = PBXBuildFile; fileRef = 9B4C8CE22C43E6A2003AFD26 /* RestaurantApiPath.swift */; };
		9B4C8CE72C43EBD1003AFD26 /* BaseResponse.swift in Sources */ = {isa = PBXBuildFile; fileRef = 9B4C8CE62C43EBD1003AFD26 /* BaseResponse.swift */; };
		9B4C8CEA2C43EF00003AFD26 /* RestaurantRequests.swift in Sources */ = {isa = PBXBuildFile; fileRef = 9B4C8CE92C43EF00003AFD26 /* RestaurantRequests.swift */; };
		9B4C8CED2C43EFC1003AFD26 /* Alamofire in Frameworks */ = {isa = PBXBuildFile; productRef = 9B4C8CEC2C43EFC1003AFD26 /* Alamofire */; };
		9B4C8CF12C43F494003AFD26 /* ApiRequests.swift in Sources */ = {isa = PBXBuildFile; fileRef = 9B4C8CF02C43F494003AFD26 /* ApiRequests.swift */; };
		9B4C8CF42C440559003AFD26 /* ScreenView.swift in Sources */ = {isa = PBXBuildFile; fileRef = 9B4C8CF32C440559003AFD26 /* ScreenView.swift */; };
		9B4C8CF82C440624003AFD26 /* ScreenViewModel.swift in Sources */ = {isa = PBXBuildFile; fileRef = 9B4C8CF72C440624003AFD26 /* ScreenViewModel.swift */; };
		9B4C8CFA2C440850003AFD26 /* AlertItem.swift in Sources */ = {isa = PBXBuildFile; fileRef = 9B4C8CF92C440850003AFD26 /* AlertItem.swift */; };
		9B4C8CFC2C440C8B003AFD26 /* BaseViewModel.swift in Sources */ = {isa = PBXBuildFile; fileRef = 9B4C8CFB2C440C8B003AFD26 /* BaseViewModel.swift */; };
		9B4C8CFF2C441196003AFD26 /* RestaurantItemView.swift in Sources */ = {isa = PBXBuildFile; fileRef = 9B4C8CFE2C441196003AFD26 /* RestaurantItemView.swift */; };
		9B70D9382C46B46600877696 /* Kingfisher in Frameworks */ = {isa = PBXBuildFile; productRef = 9B70D9372C46B46600877696 /* Kingfisher */; };
		9B70D93A2C46CD9C00877696 /* FavoriteView.swift in Sources */ = {isa = PBXBuildFile; fileRef = 9B70D9392C46CD9C00877696 /* FavoriteView.swift */; };
		9B8393902C473CE20025A5C2 /* AddFavoriteResponse.swift in Sources */ = {isa = PBXBuildFile; fileRef = 9B83938F2C473CE20025A5C2 /* AddFavoriteResponse.swift */; };
		9B8393932C4749A30025A5C2 /* SimpleToast in Frameworks */ = {isa = PBXBuildFile; productRef = 9B8393922C4749A30025A5C2 /* SimpleToast */; };
		9B8393952C474AF50025A5C2 /* ToastItem.swift in Sources */ = {isa = PBXBuildFile; fileRef = 9B8393942C474AF50025A5C2 /* ToastItem.swift */; };
		9BB76DE12C4577110088A106 /* RestaurantDetailsView.swift in Sources */ = {isa = PBXBuildFile; fileRef = 9BB76DE02C4577110088A106 /* RestaurantDetailsView.swift */; };
		9BB76DE32C4577270088A106 /* RestaurantDetailViewModel.swift in Sources */ = {isa = PBXBuildFile; fileRef = 9BB76DE22C4577270088A106 /* RestaurantDetailViewModel.swift */; };
		9BC3E23A2C45C63200BD8A23 /* RatingView.swift in Sources */ = {isa = PBXBuildFile; fileRef = 9BC3E2392C45C63200BD8A23 /* RatingView.swift */; };
		9BC3E23D2C45CB2700BD8A23 /* NameAndRateView.swift in Sources */ = {isa = PBXBuildFile; fileRef = 9BC3E23C2C45CB2700BD8A23 /* NameAndRateView.swift */; };
/* End PBXBuildFile section */

/* Begin PBXFileReference section */
		9B4C8CC02C43DAD3003AFD26 /* MyCyprusApp.app */ = {isa = PBXFileReference; explicitFileType = wrapper.application; includeInIndex = 0; path = MyCyprusApp.app; sourceTree = BUILT_PRODUCTS_DIR; };
		9B4C8CC32C43DAD3003AFD26 /* MyCyprusAppApp.swift */ = {isa = PBXFileReference; lastKnownFileType = sourcecode.swift; path = MyCyprusAppApp.swift; sourceTree = "<group>"; };
		9B4C8CC52C43DAD3003AFD26 /* RestaurantsView.swift */ = {isa = PBXFileReference; lastKnownFileType = sourcecode.swift; path = RestaurantsView.swift; sourceTree = "<group>"; };
		9B4C8CC72C43DAD5003AFD26 /* Assets.xcassets */ = {isa = PBXFileReference; lastKnownFileType = folder.assetcatalog; path = Assets.xcassets; sourceTree = "<group>"; };
		9B4C8CCA2C43DAD5003AFD26 /* Preview Assets.xcassets */ = {isa = PBXFileReference; lastKnownFileType = folder.assetcatalog; path = "Preview Assets.xcassets"; sourceTree = "<group>"; };
		9B4C8CD72C43DF30003AFD26 /* RestaurantsViewModel.swift */ = {isa = PBXFileReference; lastKnownFileType = sourcecode.swift; path = RestaurantsViewModel.swift; sourceTree = "<group>"; };
		9B4C8CDB2C43E08A003AFD26 /* Restaurant.swift */ = {isa = PBXFileReference; lastKnownFileType = sourcecode.swift; path = Restaurant.swift; sourceTree = "<group>"; };
		9B4C8CDD2C43E34A003AFD26 /* RestaurantDetailInfo.swift */ = {isa = PBXFileReference; lastKnownFileType = sourcecode.swift; path = RestaurantDetailInfo.swift; sourceTree = "<group>"; };
		9B4C8CDF2C43E625003AFD26 /* Api.swift */ = {isa = PBXFileReference; lastKnownFileType = sourcecode.swift; path = Api.swift; sourceTree = "<group>"; };
		9B4C8CE22C43E6A2003AFD26 /* RestaurantApiPath.swift */ = {isa = PBXFileReference; lastKnownFileType = sourcecode.swift; path = RestaurantApiPath.swift; sourceTree = "<group>"; };
		9B4C8CE62C43EBD1003AFD26 /* BaseResponse.swift */ = {isa = PBXFileReference; lastKnownFileType = sourcecode.swift; path = BaseResponse.swift; sourceTree = "<group>"; };
		9B4C8CE92C43EF00003AFD26 /* RestaurantRequests.swift */ = {isa = PBXFileReference; lastKnownFileType = sourcecode.swift; path = RestaurantRequests.swift; sourceTree = "<group>"; };
		9B4C8CF02C43F494003AFD26 /* ApiRequests.swift */ = {isa = PBXFileReference; lastKnownFileType = sourcecode.swift; path = ApiRequests.swift; sourceTree = "<group>"; };
		9B4C8CF32C440559003AFD26 /* ScreenView.swift */ = {isa = PBXFileReference; lastKnownFileType = sourcecode.swift; path = ScreenView.swift; sourceTree = "<group>"; };
		9B4C8CF72C440624003AFD26 /* ScreenViewModel.swift */ = {isa = PBXFileReference; lastKnownFileType = sourcecode.swift; path = ScreenViewModel.swift; sourceTree = "<group>"; };
		9B4C8CF92C440850003AFD26 /* AlertItem.swift */ = {isa = PBXFileReference; lastKnownFileType = sourcecode.swift; path = AlertItem.swift; sourceTree = "<group>"; };
		9B4C8CFB2C440C8B003AFD26 /* BaseViewModel.swift */ = {isa = PBXFileReference; lastKnownFileType = sourcecode.swift; path = BaseViewModel.swift; sourceTree = "<group>"; };
		9B4C8CFE2C441196003AFD26 /* RestaurantItemView.swift */ = {isa = PBXFileReference; lastKnownFileType = sourcecode.swift; path = RestaurantItemView.swift; sourceTree = "<group>"; };
		9B70D9392C46CD9C00877696 /* FavoriteView.swift */ = {isa = PBXFileReference; lastKnownFileType = sourcecode.swift; path = FavoriteView.swift; sourceTree = "<group>"; };
		9B83938F2C473CE20025A5C2 /* AddFavoriteResponse.swift */ = {isa = PBXFileReference; lastKnownFileType = sourcecode.swift; path = AddFavoriteResponse.swift; sourceTree = "<group>"; };
		9B8393942C474AF50025A5C2 /* ToastItem.swift */ = {isa = PBXFileReference; lastKnownFileType = sourcecode.swift; path = ToastItem.swift; sourceTree = "<group>"; };
		9BB76DE02C4577110088A106 /* RestaurantDetailsView.swift */ = {isa = PBXFileReference; lastKnownFileType = sourcecode.swift; path = RestaurantDetailsView.swift; sourceTree = "<group>"; };
		9BB76DE22C4577270088A106 /* RestaurantDetailViewModel.swift */ = {isa = PBXFileReference; lastKnownFileType = sourcecode.swift; path = RestaurantDetailViewModel.swift; sourceTree = "<group>"; };
		9BC3E2392C45C63200BD8A23 /* RatingView.swift */ = {isa = PBXFileReference; lastKnownFileType = sourcecode.swift; path = RatingView.swift; sourceTree = "<group>"; };
		9BC3E23C2C45CB2700BD8A23 /* NameAndRateView.swift */ = {isa = PBXFileReference; lastKnownFileType = sourcecode.swift; path = NameAndRateView.swift; sourceTree = "<group>"; };
/* End PBXFileReference section */

/* Begin PBXFrameworksBuildPhase section */
		9B4C8CBD2C43DAD3003AFD26 /* Frameworks */ = {
			isa = PBXFrameworksBuildPhase;
			buildActionMask = 2147483647;
			files = (
				9B70D9382C46B46600877696 /* Kingfisher in Frameworks */,
				9B8393932C4749A30025A5C2 /* SimpleToast in Frameworks */,
				9B4C8CED2C43EFC1003AFD26 /* Alamofire in Frameworks */,
			);
			runOnlyForDeploymentPostprocessing = 0;
		};
/* End PBXFrameworksBuildPhase section */

/* Begin PBXGroup section */
		9B4C8CB72C43DAD3003AFD26 = {
			isa = PBXGroup;
			children = (
				9B4C8CC22C43DAD3003AFD26 /* MyCyprusApp */,
				9B4C8CC12C43DAD3003AFD26 /* Products */,
			);
			sourceTree = "<group>";
		};
		9B4C8CC12C43DAD3003AFD26 /* Products */ = {
			isa = PBXGroup;
			children = (
				9B4C8CC02C43DAD3003AFD26 /* MyCyprusApp.app */,
			);
			name = Products;
			sourceTree = "<group>";
		};
		9B4C8CC22C43DAD3003AFD26 /* MyCyprusApp */ = {
			isa = PBXGroup;
			children = (
				9B4C8CD12C43DB74003AFD26 /* EntryPoint */,
				9B4C8CD22C43DB84003AFD26 /* Source */,
				9B4C8CC72C43DAD5003AFD26 /* Assets.xcassets */,
				9B4C8CC92C43DAD5003AFD26 /* Preview Content */,
			);
			path = MyCyprusApp;
			sourceTree = "<group>";
		};
		9B4C8CC92C43DAD5003AFD26 /* Preview Content */ = {
			isa = PBXGroup;
			children = (
				9B4C8CCA2C43DAD5003AFD26 /* Preview Assets.xcassets */,
			);
			path = "Preview Content";
			sourceTree = "<group>";
		};
		9B4C8CD12C43DB74003AFD26 /* EntryPoint */ = {
			isa = PBXGroup;
			children = (
				9B4C8CC32C43DAD3003AFD26 /* MyCyprusAppApp.swift */,
			);
			path = EntryPoint;
			sourceTree = "<group>";
		};
		9B4C8CD22C43DB84003AFD26 /* Source */ = {
			isa = PBXGroup;
			children = (
				9B4C8CD42C43DD63003AFD26 /* Network */,
				9B4C8CD32C43DB9C003AFD26 /* Models */,
				9B4C8CD52C43DD84003AFD26 /* Modules */,
			);
			path = Source;
			sourceTree = "<group>";
		};
		9B4C8CD32C43DB9C003AFD26 /* Models */ = {
			isa = PBXGroup;
			children = (
				9B4C8CE52C43EBA7003AFD26 /* Network */,
				9B4C8CDB2C43E08A003AFD26 /* Restaurant.swift */,
				9B4C8CDD2C43E34A003AFD26 /* RestaurantDetailInfo.swift */,
				9B83938F2C473CE20025A5C2 /* AddFavoriteResponse.swift */,
			);
			path = Models;
			sourceTree = "<group>";
		};
		9B4C8CD42C43DD63003AFD26 /* Network */ = {
			isa = PBXGroup;
			children = (
				9B4C8CE12C43E696003AFD26 /* Data */,
				9B4C8CDF2C43E625003AFD26 /* Api.swift */,
			);
			path = Network;
			sourceTree = "<group>";
		};
		9B4C8CD52C43DD84003AFD26 /* Modules */ = {
			isa = PBXGroup;
			children = (
				9B4C8CF22C44053F003AFD26 /* Shared */,
				9B4C8CD62C43DDB2003AFD26 /* Content */,
			);
			path = Modules;
			sourceTree = "<group>";
		};
		9B4C8CD62C43DDB2003AFD26 /* Content */ = {
			isa = PBXGroup;
			children = (
				9B4C8CD92C43DF49003AFD26 /* Restaurants */,
			);
			path = Content;
			sourceTree = "<group>";
		};
		9B4C8CD92C43DF49003AFD26 /* Restaurants */ = {
			isa = PBXGroup;
			children = (
				9BB76DE42C4577A50088A106 /* Main */,
				9B4C8CDA2C43DF56003AFD26 /* Details */,
			);
			path = Restaurants;
			sourceTree = "<group>";
		};
		9B4C8CDA2C43DF56003AFD26 /* Details */ = {
			isa = PBXGroup;
			children = (
				9BC3E23B2C45C63700BD8A23 /* Views */,
				9BB76DE02C4577110088A106 /* RestaurantDetailsView.swift */,
				9BB76DE22C4577270088A106 /* RestaurantDetailViewModel.swift */,
			);
			path = Details;
			sourceTree = "<group>";
		};
		9B4C8CE12C43E696003AFD26 /* Data */ = {
			isa = PBXGroup;
			children = (
				9B4C8CE82C43EEE1003AFD26 /* Requests */,
				9B4C8CE42C43E6AA003AFD26 /* Path */,
			);
			path = Data;
			sourceTree = "<group>";
		};
		9B4C8CE42C43E6AA003AFD26 /* Path */ = {
			isa = PBXGroup;
			children = (
				9B4C8CE22C43E6A2003AFD26 /* RestaurantApiPath.swift */,
			);
			path = Path;
			sourceTree = "<group>";
		};
		9B4C8CE52C43EBA7003AFD26 /* Network */ = {
			isa = PBXGroup;
			children = (
				9B4C8CE62C43EBD1003AFD26 /* BaseResponse.swift */,
			);
			path = Network;
			sourceTree = "<group>";
		};
		9B4C8CE82C43EEE1003AFD26 /* Requests */ = {
			isa = PBXGroup;
			children = (
				9B4C8CE92C43EF00003AFD26 /* RestaurantRequests.swift */,
				9B4C8CF02C43F494003AFD26 /* ApiRequests.swift */,
			);
			path = Requests;
			sourceTree = "<group>";
		};
		9B4C8CF22C44053F003AFD26 /* Shared */ = {
			isa = PBXGroup;
			children = (
				9B4C8CF62C4405A0003AFD26 /* Models */,
				9B4C8CF52C44059A003AFD26 /* Views */,
			);
			path = Shared;
			sourceTree = "<group>";
		};
		9B4C8CF52C44059A003AFD26 /* Views */ = {
			isa = PBXGroup;
			children = (
				9B4C8CF32C440559003AFD26 /* ScreenView.swift */,
			);
			path = Views;
			sourceTree = "<group>";
		};
		9B4C8CF62C4405A0003AFD26 /* Models */ = {
			isa = PBXGroup;
			children = (
				9B4C8CFB2C440C8B003AFD26 /* BaseViewModel.swift */,
				9B4C8CF72C440624003AFD26 /* ScreenViewModel.swift */,
				9B4C8CF92C440850003AFD26 /* AlertItem.swift */,
				9B8393942C474AF50025A5C2 /* ToastItem.swift */,
			);
			path = Models;
			sourceTree = "<group>";
		};
		9B4C8CFD2C441188003AFD26 /* Views */ = {
			isa = PBXGroup;
			children = (
				9B4C8CFE2C441196003AFD26 /* RestaurantItemView.swift */,
				9B70D9392C46CD9C00877696 /* FavoriteView.swift */,
			);
			path = Views;
			sourceTree = "<group>";
		};
		9BB76DE42C4577A50088A106 /* Main */ = {
			isa = PBXGroup;
			children = (
				9B4C8CFD2C441188003AFD26 /* Views */,
				9B4C8CC52C43DAD3003AFD26 /* RestaurantsView.swift */,
				9B4C8CD72C43DF30003AFD26 /* RestaurantsViewModel.swift */,
			);
			path = Main;
			sourceTree = "<group>";
		};
		9BC3E23B2C45C63700BD8A23 /* Views */ = {
			isa = PBXGroup;
			children = (
				9BC3E2392C45C63200BD8A23 /* RatingView.swift */,
				9BC3E23C2C45CB2700BD8A23 /* NameAndRateView.swift */,
			);
			path = Views;
			sourceTree = "<group>";
		};
/* End PBXGroup section */

/* Begin PBXNativeTarget section */
		9B4C8CBF2C43DAD3003AFD26 /* MyCyprusApp */ = {
			isa = PBXNativeTarget;
			buildConfigurationList = 9B4C8CCE2C43DAD5003AFD26 /* Build configuration list for PBXNativeTarget "MyCyprusApp" */;
			buildPhases = (
				9B4C8CBC2C43DAD3003AFD26 /* Sources */,
				9B4C8CBD2C43DAD3003AFD26 /* Frameworks */,
				9B4C8CBE2C43DAD3003AFD26 /* Resources */,
			);
			buildRules = (
			);
			dependencies = (
			);
			name = MyCyprusApp;
			packageProductDependencies = (
				9B4C8CEC2C43EFC1003AFD26 /* Alamofire */,
				9B70D9372C46B46600877696 /* Kingfisher */,
				9B8393922C4749A30025A5C2 /* SimpleToast */,
			);
			productName = MyCyprusApp;
			productReference = 9B4C8CC02C43DAD3003AFD26 /* MyCyprusApp.app */;
			productType = "com.apple.product-type.application";
		};
/* End PBXNativeTarget section */

/* Begin PBXProject section */
		9B4C8CB82C43DAD3003AFD26 /* Project object */ = {
			isa = PBXProject;
			attributes = {
				BuildIndependentTargetsInParallel = 1;
				LastSwiftUpdateCheck = 1540;
				LastUpgradeCheck = 1540;
				TargetAttributes = {
					9B4C8CBF2C43DAD3003AFD26 = {
						CreatedOnToolsVersion = 15.4;
					};
				};
			};
			buildConfigurationList = 9B4C8CBB2C43DAD3003AFD26 /* Build configuration list for PBXProject "MyCyprusApp" */;
			compatibilityVersion = "Xcode 14.0";
			developmentRegion = en;
			hasScannedForEncodings = 0;
			knownRegions = (
				en,
				Base,
			);
			mainGroup = 9B4C8CB72C43DAD3003AFD26;
			packageReferences = (
				9B4C8CEB2C43EFC1003AFD26 /* XCRemoteSwiftPackageReference "Alamofire" */,
				9B70D9362C46B46600877696 /* XCRemoteSwiftPackageReference "Kingfisher" */,
				9B8393912C4749A30025A5C2 /* XCRemoteSwiftPackageReference "SimpleToast" */,
			);
			productRefGroup = 9B4C8CC12C43DAD3003AFD26 /* Products */;
			projectDirPath = "";
			projectRoot = "";
			targets = (
				9B4C8CBF2C43DAD3003AFD26 /* MyCyprusApp */,
			);
		};
/* End PBXProject section */

/* Begin PBXResourcesBuildPhase section */
		9B4C8CBE2C43DAD3003AFD26 /* Resources */ = {
			isa = PBXResourcesBuildPhase;
			buildActionMask = 2147483647;
			files = (
				9B4C8CCB2C43DAD5003AFD26 /* Preview Assets.xcassets in Resources */,
				9B4C8CC82C43DAD5003AFD26 /* Assets.xcassets in Resources */,
			);
			runOnlyForDeploymentPostprocessing = 0;
		};
/* End PBXResourcesBuildPhase section */

/* Begin PBXSourcesBuildPhase section */
		9B4C8CBC2C43DAD3003AFD26 /* Sources */ = {
			isa = PBXSourcesBuildPhase;
			buildActionMask = 2147483647;
			files = (
				9B4C8CE02C43E625003AFD26 /* Api.swift in Sources */,
				9B4C8CFF2C441196003AFD26 /* RestaurantItemView.swift in Sources */,
				9B4C8CE32C43E6A2003AFD26 /* RestaurantApiPath.swift in Sources */,
				9BC3E23A2C45C63200BD8A23 /* RatingView.swift in Sources */,
				9B4C8CF12C43F494003AFD26 /* ApiRequests.swift in Sources */,
				9B4C8CFC2C440C8B003AFD26 /* BaseViewModel.swift in Sources */,
				9BC3E23D2C45CB2700BD8A23 /* NameAndRateView.swift in Sources */,
				9B4C8CDE2C43E34A003AFD26 /* RestaurantDetailInfo.swift in Sources */,
				9B70D93A2C46CD9C00877696 /* FavoriteView.swift in Sources */,
				9B4C8CF82C440624003AFD26 /* ScreenViewModel.swift in Sources */,
				9B4C8CDC2C43E08A003AFD26 /* Restaurant.swift in Sources */,
				9B4C8CC62C43DAD3003AFD26 /* RestaurantsView.swift in Sources */,
				9BB76DE32C4577270088A106 /* RestaurantDetailViewModel.swift in Sources */,
				9B8393902C473CE20025A5C2 /* AddFavoriteResponse.swift in Sources */,
				9B8393952C474AF50025A5C2 /* ToastItem.swift in Sources */,
				9B4C8CD82C43DF30003AFD26 /* RestaurantsViewModel.swift in Sources */,
				9B4C8CC42C43DAD3003AFD26 /* MyCyprusAppApp.swift in Sources */,
				9B4C8CE72C43EBD1003AFD26 /* BaseResponse.swift in Sources */,
				9BB76DE12C4577110088A106 /* RestaurantDetailsView.swift in Sources */,
				9B4C8CEA2C43EF00003AFD26 /* RestaurantRequests.swift in Sources */,
				9B4C8CFA2C440850003AFD26 /* AlertItem.swift in Sources */,
				9B4C8CF42C440559003AFD26 /* ScreenView.swift in Sources */,
			);
			runOnlyForDeploymentPostprocessing = 0;
		};
/* End PBXSourcesBuildPhase section */

/* Begin XCBuildConfiguration section */
		9B4C8CCC2C43DAD5003AFD26 /* Debug */ = {
			isa = XCBuildConfiguration;
			buildSettings = {
				ALWAYS_SEARCH_USER_PATHS = NO;
				ASSETCATALOG_COMPILER_GENERATE_SWIFT_ASSET_SYMBOL_EXTENSIONS = YES;
				CLANG_ANALYZER_NONNULL = YES;
				CLANG_ANALYZER_NUMBER_OBJECT_CONVERSION = YES_AGGRESSIVE;
				CLANG_CXX_LANGUAGE_STANDARD = "gnu++20";
				CLANG_ENABLE_MODULES = YES;
				CLANG_ENABLE_OBJC_ARC = YES;
				CLANG_ENABLE_OBJC_WEAK = YES;
				CLANG_WARN_BLOCK_CAPTURE_AUTORELEASING = YES;
				CLANG_WARN_BOOL_CONVERSION = YES;
				CLANG_WARN_COMMA = YES;
				CLANG_WARN_CONSTANT_CONVERSION = YES;
				CLANG_WARN_DEPRECATED_OBJC_IMPLEMENTATIONS = YES;
				CLANG_WARN_DIRECT_OBJC_ISA_USAGE = YES_ERROR;
				CLANG_WARN_DOCUMENTATION_COMMENTS = YES;
				CLANG_WARN_EMPTY_BODY = YES;
				CLANG_WARN_ENUM_CONVERSION = YES;
				CLANG_WARN_INFINITE_RECURSION = YES;
				CLANG_WARN_INT_CONVERSION = YES;
				CLANG_WARN_NON_LITERAL_NULL_CONVERSION = YES;
				CLANG_WARN_OBJC_IMPLICIT_RETAIN_SELF = YES;
				CLANG_WARN_OBJC_LITERAL_CONVERSION = YES;
				CLANG_WARN_OBJC_ROOT_CLASS = YES_ERROR;
				CLANG_WARN_QUOTED_INCLUDE_IN_FRAMEWORK_HEADER = YES;
				CLANG_WARN_RANGE_LOOP_ANALYSIS = YES;
				CLANG_WARN_STRICT_PROTOTYPES = YES;
				CLANG_WARN_SUSPICIOUS_MOVE = YES;
				CLANG_WARN_UNGUARDED_AVAILABILITY = YES_AGGRESSIVE;
				CLANG_WARN_UNREACHABLE_CODE = YES;
				CLANG_WARN__DUPLICATE_METHOD_MATCH = YES;
				COPY_PHASE_STRIP = NO;
				DEBUG_INFORMATION_FORMAT = dwarf;
				ENABLE_STRICT_OBJC_MSGSEND = YES;
				ENABLE_TESTABILITY = YES;
				ENABLE_USER_SCRIPT_SANDBOXING = YES;
				GCC_C_LANGUAGE_STANDARD = gnu17;
				GCC_DYNAMIC_NO_PIC = NO;
				GCC_NO_COMMON_BLOCKS = YES;
				GCC_OPTIMIZATION_LEVEL = 0;
				GCC_PREPROCESSOR_DEFINITIONS = (
					"DEBUG=1",
					"$(inherited)",
				);
				GCC_WARN_64_TO_32_BIT_CONVERSION = YES;
				GCC_WARN_ABOUT_RETURN_TYPE = YES_ERROR;
				GCC_WARN_UNDECLARED_SELECTOR = YES;
				GCC_WARN_UNINITIALIZED_AUTOS = YES_AGGRESSIVE;
				GCC_WARN_UNUSED_FUNCTION = YES;
				GCC_WARN_UNUSED_VARIABLE = YES;
				IPHONEOS_DEPLOYMENT_TARGET = 17.5;
				LOCALIZATION_PREFERS_STRING_CATALOGS = YES;
				MTL_ENABLE_DEBUG_INFO = INCLUDE_SOURCE;
				MTL_FAST_MATH = YES;
				ONLY_ACTIVE_ARCH = YES;
				SDKROOT = iphoneos;
				SWIFT_ACTIVE_COMPILATION_CONDITIONS = "DEBUG $(inherited)";
				SWIFT_OPTIMIZATION_LEVEL = "-Onone";
			};
			name = Debug;
		};
		9B4C8CCD2C43DAD5003AFD26 /* Release */ = {
			isa = XCBuildConfiguration;
			buildSettings = {
				ALWAYS_SEARCH_USER_PATHS = NO;
				ASSETCATALOG_COMPILER_GENERATE_SWIFT_ASSET_SYMBOL_EXTENSIONS = YES;
				CLANG_ANALYZER_NONNULL = YES;
				CLANG_ANALYZER_NUMBER_OBJECT_CONVERSION = YES_AGGRESSIVE;
				CLANG_CXX_LANGUAGE_STANDARD = "gnu++20";
				CLANG_ENABLE_MODULES = YES;
				CLANG_ENABLE_OBJC_ARC = YES;
				CLANG_ENABLE_OBJC_WEAK = YES;
				CLANG_WARN_BLOCK_CAPTURE_AUTORELEASING = YES;
				CLANG_WARN_BOOL_CONVERSION = YES;
				CLANG_WARN_COMMA = YES;
				CLANG_WARN_CONSTANT_CONVERSION = YES;
				CLANG_WARN_DEPRECATED_OBJC_IMPLEMENTATIONS = YES;
				CLANG_WARN_DIRECT_OBJC_ISA_USAGE = YES_ERROR;
				CLANG_WARN_DOCUMENTATION_COMMENTS = YES;
				CLANG_WARN_EMPTY_BODY = YES;
				CLANG_WARN_ENUM_CONVERSION = YES;
				CLANG_WARN_INFINITE_RECURSION = YES;
				CLANG_WARN_INT_CONVERSION = YES;
				CLANG_WARN_NON_LITERAL_NULL_CONVERSION = YES;
				CLANG_WARN_OBJC_IMPLICIT_RETAIN_SELF = YES;
				CLANG_WARN_OBJC_LITERAL_CONVERSION = YES;
				CLANG_WARN_OBJC_ROOT_CLASS = YES_ERROR;
				CLANG_WARN_QUOTED_INCLUDE_IN_FRAMEWORK_HEADER = YES;
				CLANG_WARN_RANGE_LOOP_ANALYSIS = YES;
				CLANG_WARN_STRICT_PROTOTYPES = YES;
				CLANG_WARN_SUSPICIOUS_MOVE = YES;
				CLANG_WARN_UNGUARDED_AVAILABILITY = YES_AGGRESSIVE;
				CLANG_WARN_UNREACHABLE_CODE = YES;
				CLANG_WARN__DUPLICATE_METHOD_MATCH = YES;
				COPY_PHASE_STRIP = NO;
				DEBUG_INFORMATION_FORMAT = "dwarf-with-dsym";
				ENABLE_NS_ASSERTIONS = NO;
				ENABLE_STRICT_OBJC_MSGSEND = YES;
				ENABLE_USER_SCRIPT_SANDBOXING = YES;
				GCC_C_LANGUAGE_STANDARD = gnu17;
				GCC_NO_COMMON_BLOCKS = YES;
				GCC_WARN_64_TO_32_BIT_CONVERSION = YES;
				GCC_WARN_ABOUT_RETURN_TYPE = YES_ERROR;
				GCC_WARN_UNDECLARED_SELECTOR = YES;
				GCC_WARN_UNINITIALIZED_AUTOS = YES_AGGRESSIVE;
				GCC_WARN_UNUSED_FUNCTION = YES;
				GCC_WARN_UNUSED_VARIABLE = YES;
				IPHONEOS_DEPLOYMENT_TARGET = 17.5;
				LOCALIZATION_PREFERS_STRING_CATALOGS = YES;
				MTL_ENABLE_DEBUG_INFO = NO;
				MTL_FAST_MATH = YES;
				SDKROOT = iphoneos;
				SWIFT_COMPILATION_MODE = wholemodule;
				VALIDATE_PRODUCT = YES;
			};
			name = Release;
		};
		9B4C8CCF2C43DAD5003AFD26 /* Debug */ = {
			isa = XCBuildConfiguration;
			buildSettings = {
				ASSETCATALOG_COMPILER_APPICON_NAME = AppIcon;
				ASSETCATALOG_COMPILER_GLOBAL_ACCENT_COLOR_NAME = AccentColor;
				CODE_SIGN_STYLE = Automatic;
				CURRENT_PROJECT_VERSION = 1;
				DEVELOPMENT_ASSET_PATHS = "\"MyCyprusApp/Preview Content\"";
				DEVELOPMENT_TEAM = 48RQF7575J;
				ENABLE_PREVIEWS = YES;
				GENERATE_INFOPLIST_FILE = YES;
				INFOPLIST_KEY_UIApplicationSceneManifest_Generation = YES;
				INFOPLIST_KEY_UIApplicationSupportsIndirectInputEvents = YES;
				INFOPLIST_KEY_UILaunchScreen_Generation = YES;
				INFOPLIST_KEY_UISupportedInterfaceOrientations_iPad = "UIInterfaceOrientationPortrait UIInterfaceOrientationPortraitUpsideDown UIInterfaceOrientationLandscapeLeft UIInterfaceOrientationLandscapeRight";
				INFOPLIST_KEY_UISupportedInterfaceOrientations_iPhone = "UIInterfaceOrientationPortrait UIInterfaceOrientationLandscapeLeft UIInterfaceOrientationLandscapeRight";
				LD_RUNPATH_SEARCH_PATHS = (
					"$(inherited)",
					"@executable_path/Frameworks",
				);
				MARKETING_VERSION = 1.0;
				PRODUCT_BUNDLE_IDENTIFIER = com.illi.MyCyprusApp;
				PRODUCT_NAME = "$(TARGET_NAME)";
				SUPPORTED_PLATFORMS = "iphoneos iphonesimulator";
				SUPPORTS_MACCATALYST = NO;
				SUPPORTS_MAC_DESIGNED_FOR_IPHONE_IPAD = NO;
				SUPPORTS_XR_DESIGNED_FOR_IPHONE_IPAD = NO;
				SWIFT_EMIT_LOC_STRINGS = YES;
				SWIFT_VERSION = 5.0;
				TARGETED_DEVICE_FAMILY = "1,2";
			};
			name = Debug;
		};
		9B4C8CD02C43DAD5003AFD26 /* Release */ = {
			isa = XCBuildConfiguration;
			buildSettings = {
				ASSETCATALOG_COMPILER_APPICON_NAME = AppIcon;
				ASSETCATALOG_COMPILER_GLOBAL_ACCENT_COLOR_NAME = AccentColor;
				CODE_SIGN_STYLE = Automatic;
				CURRENT_PROJECT_VERSION = 1;
				DEVELOPMENT_ASSET_PATHS = "\"MyCyprusApp/Preview Content\"";
				DEVELOPMENT_TEAM = 48RQF7575J;
				ENABLE_PREVIEWS = YES;
				GENERATE_INFOPLIST_FILE = YES;
				INFOPLIST_KEY_UIApplicationSceneManifest_Generation = YES;
				INFOPLIST_KEY_UIApplicationSupportsIndirectInputEvents = YES;
				INFOPLIST_KEY_UILaunchScreen_Generation = YES;
				INFOPLIST_KEY_UISupportedInterfaceOrientations_iPad = "UIInterfaceOrientationPortrait UIInterfaceOrientationPortraitUpsideDown UIInterfaceOrientationLandscapeLeft UIInterfaceOrientationLandscapeRight";
				INFOPLIST_KEY_UISupportedInterfaceOrientations_iPhone = "UIInterfaceOrientationPortrait UIInterfaceOrientationLandscapeLeft UIInterfaceOrientationLandscapeRight";
				LD_RUNPATH_SEARCH_PATHS = (
					"$(inherited)",
					"@executable_path/Frameworks",
				);
				MARKETING_VERSION = 1.0;
				PRODUCT_BUNDLE_IDENTIFIER = com.illi.MyCyprusApp;
				PRODUCT_NAME = "$(TARGET_NAME)";
				SUPPORTED_PLATFORMS = "iphoneos iphonesimulator";
				SUPPORTS_MACCATALYST = NO;
				SUPPORTS_MAC_DESIGNED_FOR_IPHONE_IPAD = NO;
				SUPPORTS_XR_DESIGNED_FOR_IPHONE_IPAD = NO;
				SWIFT_EMIT_LOC_STRINGS = YES;
				SWIFT_VERSION = 5.0;
				TARGETED_DEVICE_FAMILY = "1,2";
			};
			name = Release;
		};
/* End XCBuildConfiguration section */

/* Begin XCConfigurationList section */
		9B4C8CBB2C43DAD3003AFD26 /* Build configuration list for PBXProject "MyCyprusApp" */ = {
			isa = XCConfigurationList;
			buildConfigurations = (
				9B4C8CCC2C43DAD5003AFD26 /* Debug */,
				9B4C8CCD2C43DAD5003AFD26 /* Release */,
			);
			defaultConfigurationIsVisible = 0;
			defaultConfigurationName = Release;
		};
		9B4C8CCE2C43DAD5003AFD26 /* Build configuration list for PBXNativeTarget "MyCyprusApp" */ = {
			isa = XCConfigurationList;
			buildConfigurations = (
				9B4C8CCF2C43DAD5003AFD26 /* Debug */,
				9B4C8CD02C43DAD5003AFD26 /* Release */,
			);
			defaultConfigurationIsVisible = 0;
			defaultConfigurationName = Release;
		};
/* End XCConfigurationList section */

/* Begin XCRemoteSwiftPackageReference section */
		9B4C8CEB2C43EFC1003AFD26 /* XCRemoteSwiftPackageReference "Alamofire" */ = {
			isa = XCRemoteSwiftPackageReference;
			repositoryURL = "https://github.com/Alamofire/Alamofire";
			requirement = {
				kind = upToNextMajorVersion;
				minimumVersion = 5.9.1;
			};
		};
		9B70D9362C46B46600877696 /* XCRemoteSwiftPackageReference "Kingfisher" */ = {
			isa = XCRemoteSwiftPackageReference;
			repositoryURL = "https://github.com/onevcat/Kingfisher";
			requirement = {
				kind = upToNextMajorVersion;
				minimumVersion = 7.12.0;
			};
		};
		9B8393912C4749A30025A5C2 /* XCRemoteSwiftPackageReference "SimpleToast" */ = {
			isa = XCRemoteSwiftPackageReference;
			repositoryURL = "https://github.com/sanzaru/SimpleToast";
			requirement = {
				kind = upToNextMajorVersion;
				minimumVersion = 0.8.1;
			};
		};
/* End XCRemoteSwiftPackageReference section */

/* Begin XCSwiftPackageProductDependency section */
		9B4C8CEC2C43EFC1003AFD26 /* Alamofire */ = {
			isa = XCSwiftPackageProductDependency;
			package = 9B4C8CEB2C43EFC1003AFD26 /* XCRemoteSwiftPackageReference "Alamofire" */;
			productName = Alamofire;
		};
		9B70D9372C46B46600877696 /* Kingfisher */ = {
			isa = XCSwiftPackageProductDependency;
			package = 9B70D9362C46B46600877696 /* XCRemoteSwiftPackageReference "Kingfisher" */;
			productName = Kingfisher;
		};
		9B8393922C4749A30025A5C2 /* SimpleToast */ = {
			isa = XCSwiftPackageProductDependency;
			package = 9B8393912C4749A30025A5C2 /* XCRemoteSwiftPackageReference "SimpleToast" */;
			productName = SimpleToast;
		};
/* End XCSwiftPackageProductDependency section */
	};
	rootObject = 9B4C8CB82C43DAD3003AFD26 /* Project object */;
}
